
Microsoft Visual Studio Solution File, Format Version 12.00
# Visual Studio Version 16
VisualStudioVersion = 16.0.32428.217
MinimumVisualStudioVersion = 10.0.40219.1
Project("{9A19103F-16F7-4668-BE54-9A1E7A4F7556}") = "Prueba", "Prueba\Prueba.csproj", "{DD56D7DD-0BAF-4880-B61C-57FC1BAE4B39}"
EndProject
Project("{2150E333-8FDC-42A3-9474-1A3956D46DE8}") = "1. Infraestructure", "1. Infraestructure", "{CE51C9B2-7E1D-4E2D-B993-549555533A01}"
EndProject
Project("{2150E333-8FDC-42A3-9474-1A3956D46DE8}") = "2. Domain", "2. Domain", "{7BABF714-14DD-444C-A583-D67D52D27B57}"
EndProject
Project("{2150E333-8FDC-42A3-9474-1A3956D46DE8}") = "3. API", "3. API", "{AA6AAFD4-12E8-4035-A38E-038208AD5B64}"
EndProject
Project("{2150E333-8FDC-42A3-9474-1A3956D46DE8}") = "4. TestUnit", "4. TestUnit", "{7AB61B4E-5953-4A60-822F-ED109B8C91A3}"
EndProject
Project("{9A19103F-16F7-4668-BE54-9A1E7A4F7556}") = "DataAccess", "DataAccess\DataAccess.csproj", "{42774E81-F80B-4F24-A363-3973E7B1668B}"
EndProject
Project("{9A19103F-16F7-4668-BE54-9A1E7A4F7556}") = "Entities", "Entities\Entities.csproj", "{1DF577FD-60D7-4F2B-B999-AE70855890CB}"
EndProject
Project("{9A19103F-16F7-4668-BE54-9A1E7A4F7556}") = "Services", "Services\Services.csproj", "{E808E1D8-6FC1-4A4D-A9B2-AFBB511AC340}"
	ProjectSection(ProjectDependencies) = postProject
		{42774E81-F80B-4F24-A363-3973E7B1668B} = {42774E81-F80B-4F24-A363-3973E7B1668B}
		{1DF577FD-60D7-4F2B-B999-AE70855890CB} = {1DF577FD-60D7-4F2B-B999-AE70855890CB}
	EndProjectSection
EndProject
Project("{9A19103F-16F7-4668-BE54-9A1E7A4F7556}") = "Prueba_DDD_Test", "Prueba_DDD_Test\Prueba_DDD_Test.csproj", "{79EC5A27-2DD6-4899-BF64-89B4C49EFC5D}"
EndProject
Global
	GlobalSection(SolutionConfigurationPlatforms) = preSolution
		Debug|Any CPU = Debug|Any CPU
		Release|Any CPU = Release|Any CPU
	EndGlobalSection
	GlobalSection(ProjectConfigurationPlatforms) = postSolution
		{DD56D7DD-0BAF-4880-B61C-57FC1BAE4B39}.Debug|Any CPU.ActiveCfg = Debug|Any CPU
		{DD56D7DD-0BAF-4880-B61C-57FC1BAE4B39}.Debug|Any CPU.Build.0 = Debug|Any CPU
		{DD56D7DD-0BAF-4880-B61C-57FC1BAE4B39}.Release|Any CPU.ActiveCfg = Release|Any CPU
		{DD56D7DD-0BAF-4880-B61C-57FC1BAE4B39}.Release|Any CPU.Build.0 = Release|Any CPU
		{42774E81-F80B-4F24-A363-3973E7B1668B}.Debug|Any CPU.ActiveCfg = Debug|Any CPU
		{42774E81-F80B-4F24-A363-3973E7B1668B}.Debug|Any CPU.Build.0 = Debug|Any CPU
		{42774E81-F80B-4F24-A363-3973E7B1668B}.Release|Any CPU.ActiveCfg = Release|Any CPU
		{42774E81-F80B-4F24-A363-3973E7B1668B}.Release|Any CPU.Build.0 = Release|Any CPU
		{1DF577FD-60D7-4F2B-B999-AE70855890CB}.Debug|Any CPU.ActiveCfg = Debug|Any CPU
		{1DF577FD-60D7-4F2B-B999-AE70855890CB}.Debug|Any CPU.Build.0 = Debug|Any CPU
		{1DF577FD-60D7-4F2B-B999-AE70855890CB}.Release|Any CPU.ActiveCfg = Release|Any CPU
		{1DF577FD-60D7-4F2B-B999-AE70855890CB}.Release|Any CPU.Build.0 = Release|Any CPU
		{E808E1D8-6FC1-4A4D-A9B2-AFBB511AC340}.Debug|Any CPU.ActiveCfg = Debug|Any CPU
		{E808E1D8-6FC1-4A4D-A9B2-AFBB511AC340}.Debug|Any CPU.Build.0 = Debug|Any CPU
		{E808E1D8-6FC1-4A4D-A9B2-AFBB511AC340}.Release|Any CPU.ActiveCfg = Release|Any CPU
		{E808E1D8-6FC1-4A4D-A9B2-AFBB511AC340}.Release|Any CPU.Build.0 = Release|Any CPU
		{79EC5A27-2DD6-4899-BF64-89B4C49EFC5D}.Debug|Any CPU.ActiveCfg = Debug|Any CPU
		{79EC5A27-2DD6-4899-BF64-89B4C49EFC5D}.Debug|Any CPU.Build.0 = Debug|Any CPU
		{79EC5A27-2DD6-4899-BF64-89B4C49EFC5D}.Release|Any CPU.ActiveCfg = Release|Any CPU
		{79EC5A27-2DD6-4899-BF64-89B4C49EFC5D}.Release|Any CPU.Build.0 = Release|Any CPU
	EndGlobalSection
	GlobalSection(SolutionProperties) = preSolution
		HideSolutionNode = FALSE
	EndGlobalSection
	GlobalSection(NestedProjects) = preSolution
		{DD56D7DD-0BAF-4880-B61C-57FC1BAE4B39} = {AA6AAFD4-12E8-4035-A38E-038208AD5B64}
		{42774E81-F80B-4F24-A363-3973E7B1668B} = {CE51C9B2-7E1D-4E2D-B993-549555533A01}
		{1DF577FD-60D7-4F2B-B999-AE70855890CB} = {7BABF714-14DD-444C-A583-D67D52D27B57}
		{E808E1D8-6FC1-4A4D-A9B2-AFBB511AC340} = {7BABF714-14DD-444C-A583-D67D52D27B57}
		{79EC5A27-2DD6-4899-BF64-89B4C49EFC5D} = {7AB61B4E-5953-4A60-822F-ED109B8C91A3}
	EndGlobalSection
	GlobalSection(ExtensibilityGlobals) = postSolution
		SolutionGuid = {750056D6-85D4-46A2-8CDF-53FEA0DD4ED5}
	EndGlobalSection
EndGlobal
